# THIS IS AN AUTOGENERATED FILE. DO NOT EDIT THIS FILE DIRECTLY.
# yarn lockfile v1


codemirror@^5.38.0:
  version "5.39.2"
  resolved "https://registry.yarnpkg.com/codemirror/-/codemirror-5.39.2.tgz#778aa13b55ebf280745c309cb1b148e3fc06f698"

pilatch-card@^1.0.0:
  version "1.0.0"
  resolved "https://registry.yarnpkg.com/pilatch-card/-/pilatch-card-1.0.0.tgz#4a6d88dbd6ea41bda3d76cfeded58291f2e7f9a8"
  dependencies:
    simple-component-v0 "^1.0.0"
    webcomponentsjsv0 "git://github.com/webcomponents/webcomponentsjs.git#v0"

simple-component-v0@^1.0.0:
  version "1.0.0"
  resolved "https://registry.yarnpkg.com/simple-component-v0/-/simple-component-v0-1.0.0.tgz#0b19bc175e490277d64c6426a3229994b6c94440"

"webcomponentsjsv0@git://github.com/webcomponents/webcomponentsjs.git#v0":
  version "0.7.24"
  resolved "git://github.com/webcomponents/webcomponentsjs.git#5b704766f79d6aa609cfe858fd564cb27e835a65"
